{"1.1.0",
[{<<"epmd">>,
  {git,"https://github.com/erlang/epmd",
       {ref,"4d1a595b9d5c32fc0e55f462da381de62de23bf0"}},
  0},
 {<<"grisp">>,
  {git,"https://github.com/bastinjul/grisp.git",
       {ref,"a1e3f2c21f88f7d8978caa68373839d679dae326"}},
  0},
 {<<"hera">>,
  {git,"https://github.com/guiste10/hera.git",
       {ref,"9650e50d72bf7909214e4a4841fc404926b20874"}},
  0},
 {<<"hera_synchronization">>,
  {git,"https://github.com/bastinjul/hera_synchronization",
       {ref,"e75f5b4eb078bfbb995b0e6d6e8d699f9cef2c87"}},
  0},
 {<<"mapz">>,{pkg,<<"mapz">>,<<"0.3.0">>},1}]}.
[
{pkg_hash,[
 {<<"mapz">>, <<"438D24746CE5A252101E00B2032EFDF7FC69EB32689D3B805DE5E6DD7F52614F">>}]}
].
